// !$*UTF8*$!
{
	archiveVersion = 1;
	classes = {
	};
	objectVersion = 46;
	objects = {

/* Begin PBXBuildFile section */
		FFA70CA315F6F231003E6CF4 /* CatClass+Catch.m in Sources */ = {isa = PBXBuildFile; fileRef = FFA70CA215F6F231003E6CF4 /* CatClass+Catch.m */; };
		FFF6A10415F5F8C2009A2DF2 /* UIKit.framework in Frameworks */ = {isa = PBXBuildFile; fileRef = FFF6A10315F5F8C2009A2DF2 /* UIKit.framework */; };
		FFF6A10615F5F8C2009A2DF2 /* Foundation.framework in Frameworks */ = {isa = PBXBuildFile; fileRef = FFF6A10515F5F8C2009A2DF2 /* Foundation.framework */; };
		FFF6A10815F5F8C2009A2DF2 /* CoreGraphics.framework in Frameworks */ = {isa = PBXBuildFile; fileRef = FFF6A10715F5F8C2009A2DF2 /* CoreGraphics.framework */; };
		FFF6A10A15F5F8C2009A2DF2 /* CoreData.framework in Frameworks */ = {isa = PBXBuildFile; fileRef = FFF6A10915F5F8C2009A2DF2 /* CoreData.framework */; };
		FFF6A11015F5F8C2009A2DF2 /* InfoPlist.strings in Resources */ = {isa = PBXBuildFile; fileRef = FFF6A10E15F5F8C2009A2DF2 /* InfoPlist.strings */; };
		FFF6A11215F5F8C2009A2DF2 /* main.m in Sources */ = {isa = PBXBuildFile; fileRef = FFF6A11115F5F8C2009A2DF2 /* main.m */; };
		FFF6A11615F5F8C2009A2DF2 /* AppDelegate.m in Sources */ = {isa = PBXBuildFile; fileRef = FFF6A11515F5F8C2009A2DF2 /* AppDelegate.m */; };
		FFF6A11915F5F8C2009A2DF2 /* OC_Basic.xcdatamodeld in Sources */ = {isa = PBXBuildFile; fileRef = FFF6A11715F5F8C2009A2DF2 /* OC_Basic.xcdatamodeld */; };
		FFF6A12115F5F8C2009A2DF2 /* SenTestingKit.framework in Frameworks */ = {isa = PBXBuildFile; fileRef = FFF6A12015F5F8C2009A2DF2 /* SenTestingKit.framework */; };
		FFF6A12215F5F8C2009A2DF2 /* UIKit.framework in Frameworks */ = {isa = PBXBuildFile; fileRef = FFF6A10315F5F8C2009A2DF2 /* UIKit.framework */; };
		FFF6A12315F5F8C2009A2DF2 /* Foundation.framework in Frameworks */ = {isa = PBXBuildFile; fileRef = FFF6A10515F5F8C2009A2DF2 /* Foundation.framework */; };
		FFF6A12415F5F8C2009A2DF2 /* CoreData.framework in Frameworks */ = {isa = PBXBuildFile; fileRef = FFF6A10915F5F8C2009A2DF2 /* CoreData.framework */; };
		FFF6A12C15F5F8C2009A2DF2 /* InfoPlist.strings in Resources */ = {isa = PBXBuildFile; fileRef = FFF6A12A15F5F8C2009A2DF2 /* InfoPlist.strings */; };
		FFF6A12F15F5F8C2009A2DF2 /* OC_BasicTests.m in Sources */ = {isa = PBXBuildFile; fileRef = FFF6A12E15F5F8C2009A2DF2 /* OC_BasicTests.m */; };
		FFF6A13A15F5FE13009A2DF2 /* CatClass.m in Sources */ = {isa = PBXBuildFile; fileRef = FFF6A13915F5FE13009A2DF2 /* CatClass.m */; };
/* End PBXBuildFile section */

/* Begin PBXContainerItemProxy section */
		FFF6A12515F5F8C2009A2DF2 /* PBXContainerItemProxy */ = {
			isa = PBXContainerItemProxy;
			containerPortal = FFF6A0F615F5F8C2009A2DF2 /* Project object */;
			proxyType = 1;
			remoteGlobalIDString = FFF6A0FE15F5F8C2009A2DF2;
			remoteInfo = OC_Basic;
		};
/* End PBXContainerItemProxy section */

/* Begin PBXFileReference section */
		FFA70CA115F6F231003E6CF4 /* CatClass+Catch.h */ = {isa = PBXFileReference; fileEncoding = 4; lastKnownFileType = sourcecode.c.h; path = "CatClass+Catch.h"; sourceTree = "<group>"; };
		FFA70CA215F6F231003E6CF4 /* CatClass+Catch.m */ = {isa = PBXFileReference; fileEncoding = 4; lastKnownFileType = sourcecode.c.objc; path = "CatClass+Catch.m"; sourceTree = "<group>"; };
		FFF6A0FF15F5F8C2009A2DF2 /* OC_Basic.app */ = {isa = PBXFileReference; explicitFileType = wrapper.application; includeInIndex = 0; path = OC_Basic.app; sourceTree = BUILT_PRODUCTS_DIR; };
		FFF6A10315F5F8C2009A2DF2 /* UIKit.framework */ = {isa = PBXFileReference; lastKnownFileType = wrapper.framework; name = UIKit.framework; path = System/Library/Frameworks/UIKit.framework; sourceTree = SDKROOT; };
		FFF6A10515F5F8C2009A2DF2 /* Foundation.framework */ = {isa = PBXFileReference; lastKnownFileType = wrapper.framework; name = Foundation.framework; path = System/Library/Frameworks/Foundation.framework; sourceTree = SDKROOT; };
		FFF6A10715F5F8C2009A2DF2 /* CoreGraphics.framework */ = {isa = PBXFileReference; lastKnownFileType = wrapper.framework; name = CoreGraphics.framework; path = System/Library/Frameworks/CoreGraphics.framework; sourceTree = SDKROOT; };
		FFF6A10915F5F8C2009A2DF2 /* CoreData.framework */ = {isa = PBXFileReference; lastKnownFileType = wrapper.framework; name = CoreData.framework; path = System/Library/Frameworks/CoreData.framework; sourceTree = SDKROOT; };
		FFF6A10D15F5F8C2009A2DF2 /* OC_Basic-Info.plist */ = {isa = PBXFileReference; lastKnownFileType = text.plist.xml; path = "OC_Basic-Info.plist"; sourceTree = "<group>"; };
		FFF6A10F15F5F8C2009A2DF2 /* en */ = {isa = PBXFileReference; lastKnownFileType = text.plist.strings; name = en; path = en.lproj/InfoPlist.strings; sourceTree = "<group>"; };
		FFF6A11115F5F8C2009A2DF2 /* main.m */ = {isa = PBXFileReference; lastKnownFileType = sourcecode.c.objc; path = main.m; sourceTree = "<group>"; };
		FFF6A11315F5F8C2009A2DF2 /* OC_Basic-Prefix.pch */ = {isa = PBXFileReference; lastKnownFileType = sourcecode.c.h; path = "OC_Basic-Prefix.pch"; sourceTree = "<group>"; };
		FFF6A11415F5F8C2009A2DF2 /* AppDelegate.h */ = {isa = PBXFileReference; lastKnownFileType = sourcecode.c.h; path = AppDelegate.h; sourceTree = "<group>"; };
		FFF6A11515F5F8C2009A2DF2 /* AppDelegate.m */ = {isa = PBXFileReference; lastKnownFileType = sourcecode.c.objc; path = AppDelegate.m; sourceTree = "<group>"; };
		FFF6A11815F5F8C2009A2DF2 /* OC_Basic.xcdatamodel */ = {isa = PBXFileReference; lastKnownFileType = wrapper.xcdatamodel; path = OC_Basic.xcdatamodel; sourceTree = "<group>"; };
		FFF6A11F15F5F8C2009A2DF2 /* OC_BasicTests.octest */ = {isa = PBXFileReference; explicitFileType = wrapper.cfbundle; includeInIndex = 0; path = OC_BasicTests.octest; sourceTree = BUILT_PRODUCTS_DIR; };
		FFF6A12015F5F8C2009A2DF2 /* SenTestingKit.framework */ = {isa = PBXFileReference; lastKnownFileType = wrapper.framework; name = SenTestingKit.framework; path = Library/Frameworks/SenTestingKit.framework; sourceTree = DEVELOPER_DIR; };
		FFF6A12915F5F8C2009A2DF2 /* OC_BasicTests-Info.plist */ = {isa = PBXFileReference; lastKnownFileType = text.plist.xml; path = "OC_BasicTests-Info.plist"; sourceTree = "<group>"; };
		FFF6A12B15F5F8C2009A2DF2 /* en */ = {isa = PBXFileReference; lastKnownFileType = text.plist.strings; name = en; path = en.lproj/InfoPlist.strings; sourceTree = "<group>"; };
		FFF6A12D15F5F8C2009A2DF2 /* OC_BasicTests.h */ = {isa = PBXFileReference; lastKnownFileType = sourcecode.c.h; path = OC_BasicTests.h; sourceTree = "<group>"; };
		FFF6A12E15F5F8C2009A2DF2 /* OC_BasicTests.m */ = {isa = PBXFileReference; lastKnownFileType = sourcecode.c.objc; path = OC_BasicTests.m; sourceTree = "<group>"; };
		FFF6A13815F5FE13009A2DF2 /* CatClass.h */ = {isa = PBXFileReference; fileEncoding = 4; lastKnownFileType = sourcecode.c.h; path = CatClass.h; sourceTree = "<group>"; };
		FFF6A13915F5FE13009A2DF2 /* CatClass.m */ = {isa = PBXFileReference; fileEncoding = 4; lastKnownFileType = sourcecode.c.objc; path = CatClass.m; sourceTree = "<group>"; };
/* End PBXFileReference section */

/* Begin PBXFrameworksBuildPhase section */
		FFF6A0FC15F5F8C2009A2DF2 /* Frameworks */ = {
			isa = PBXFrameworksBuildPhase;
			buildActionMask = 2147483647;
			files = (
				FFF6A10415F5F8C2009A2DF2 /* UIKit.framework in Frameworks */,
				FFF6A10615F5F8C2009A2DF2 /* Foundation.framework in Frameworks */,
				FFF6A10815F5F8C2009A2DF2 /* CoreGraphics.framework in Frameworks */,
				FFF6A10A15F5F8C2009A2DF2 /* CoreData.framework in Frameworks */,
			);
			runOnlyForDeploymentPostprocessing = 0;
		};
		FFF6A11B15F5F8C2009A2DF2 /* Frameworks */ = {
			isa = PBXFrameworksBuildPhase;
			buildActionMask = 2147483647;
			files = (
				FFF6A12115F5F8C2009A2DF2 /* SenTestingKit.framework in Frameworks */,
				FFF6A12215F5F8C2009A2DF2 /* UIKit.framework in Frameworks */,
				FFF6A12315F5F8C2009A2DF2 /* Foundation.framework in Frameworks */,
				FFF6A12415F5F8C2009A2DF2 /* CoreData.framework in Frameworks */,
			);
			runOnlyForDeploymentPostprocessing = 0;
		};
/* End PBXFrameworksBuildPhase section */

/* Begin PBXGroup section */
		FFF6A0F415F5F8C2009A2DF2 = {
			isa = PBXGroup;
			children = (
				FFF6A10B15F5F8C2009A2DF2 /* OC_Basic */,
				FFF6A12715F5F8C2009A2DF2 /* OC_BasicTests */,
				FFF6A10215F5F8C2009A2DF2 /* Frameworks */,
				FFF6A10015F5F8C2009A2DF2 /* Products */,
			);
			sourceTree = "<group>";
		};
		FFF6A10015F5F8C2009A2DF2 /* Products */ = {
			isa = PBXGroup;
			children = (
				FFF6A0FF15F5F8C2009A2DF2 /* OC_Basic.app */,
				FFF6A11F15F5F8C2009A2DF2 /* OC_BasicTests.octest */,
			);
			name = Products;
			sourceTree = "<group>";
		};
		FFF6A10215F5F8C2009A2DF2 /* Frameworks */ = {
			isa = PBXGroup;
			children = (
				FFF6A10315F5F8C2009A2DF2 /* UIKit.framework */,
				FFF6A10515F5F8C2009A2DF2 /* Foundation.framework */,
				FFF6A10715F5F8C2009A2DF2 /* CoreGraphics.framework */,
				FFF6A10915F5F8C2009A2DF2 /* CoreData.framework */,
				FFF6A12015F5F8C2009A2DF2 /* SenTestingKit.framework */,
			);
			name = Frameworks;
			sourceTree = "<group>";
		};
		FFF6A10B15F5F8C2009A2DF2 /* OC_Basic */ = {
			isa = PBXGroup;
			children = (
				FFF6A11415F5F8C2009A2DF2 /* AppDelegate.h */,
				FFF6A11515F5F8C2009A2DF2 /* AppDelegate.m */,
				FFF6A11715F5F8C2009A2DF2 /* OC_Basic.xcdatamodeld */,
				FFF6A10C15F5F8C2009A2DF2 /* Supporting Files */,
				FFF6A13815F5FE13009A2DF2 /* CatClass.h */,
				FFF6A13915F5FE13009A2DF2 /* CatClass.m */,
				FFA70CA115F6F231003E6CF4 /* CatClass+Catch.h */,
				FFA70CA215F6F231003E6CF4 /* CatClass+Catch.m */,
			);
			path = OC_Basic;
			sourceTree = "<group>";
		};
		FFF6A10C15F5F8C2009A2DF2 /* Supporting Files */ = {
			isa = PBXGroup;
			children = (
				FFF6A10D15F5F8C2009A2DF2 /* OC_Basic-Info.plist */,
				FFF6A10E15F5F8C2009A2DF2 /* InfoPlist.strings */,
				FFF6A11115F5F8C2009A2DF2 /* main.m */,
				FFF6A11315F5F8C2009A2DF2 /* OC_Basic-Prefix.pch */,
			);
			name = "Supporting Files";
			sourceTree = "<group>";
		};
		FFF6A12715F5F8C2009A2DF2 /* OC_BasicTests */ = {
			isa = PBXGroup;
			children = (
				FFF6A12D15F5F8C2009A2DF2 /* OC_BasicTests.h */,
				FFF6A12E15F5F8C2009A2DF2 /* OC_BasicTests.m */,
				FFF6A12815F5F8C2009A2DF2 /* Supporting Files */,
			);
			path = OC_BasicTests;
			sourceTree = "<group>";
		};
		FFF6A12815F5F8C2009A2DF2 /* Supporting Files */ = {
			isa = PBXGroup;
			children = (
				FFF6A12915F5F8C2009A2DF2 /* OC_BasicTests-Info.plist */,
				FFF6A12A15F5F8C2009A2DF2 /* InfoPlist.strings */,
			);
			name = "Supporting Files";
			sourceTree = "<group>";
		};
/* End PBXGroup section */

/* Begin PBXNativeTarget section */
		FFF6A0FE15F5F8C2009A2DF2 /* OC_Basic */ = {
			isa = PBXNativeTarget;
			buildConfigurationList = FFF6A13215F5F8C2009A2DF2 /* Build configuration list for PBXNativeTarget "OC_Basic" */;
			buildPhases = (
				FFF6A0FB15F5F8C2009A2DF2 /* Sources */,
				FFF6A0FC15F5F8C2009A2DF2 /* Frameworks */,
				FFF6A0FD15F5F8C2009A2DF2 /* Resources */,
			);
			buildRules = (
			);
			dependencies = (
			);
			name = OC_Basic;
			productName = OC_Basic;
			productReference = FFF6A0FF15F5F8C2009A2DF2 /* OC_Basic.app */;
			productType = "com.apple.product-type.application";
		};
		FFF6A11E15F5F8C2009A2DF2 /* OC_BasicTests */ = {
			isa = PBXNativeTarget;
			buildConfigurationList = FFF6A13515F5F8C2009A2DF2 /* Build configuration list for PBXNativeTarget "OC_BasicTests" */;
			buildPhases = (
				FFF6A11A15F5F8C2009A2DF2 /* Sources */,
				FFF6A11B15F5F8C2009A2DF2 /* Frameworks */,
				FFF6A11C15F5F8C2009A2DF2 /* Resources */,
				FFF6A11D15F5F8C2009A2DF2 /* ShellScript */,
			);
			buildRules = (
			);
			dependencies = (
				FFF6A12615F5F8C2009A2DF2 /* PBXTargetDependency */,
			);
			name = OC_BasicTests;
			productName = OC_BasicTests;
			productReference = FFF6A11F15F5F8C2009A2DF2 /* OC_BasicTests.octest */;
			productType = "com.apple.product-type.bundle";
		};
/* End PBXNativeTarget section */

/* Begin PBXProject section */
		FFF6A0F615F5F8C2009A2DF2 /* Project object */ = {
			isa = PBXProject;
			attributes = {
				LastUpgradeCheck = 0440;
				ORGANIZATIONNAME = Mead;
			};
			buildConfigurationList = FFF6A0F915F5F8C2009A2DF2 /* Build configuration list for PBXProject "OC_Basic" */;
			compatibilityVersion = "Xcode 3.2";
			developmentRegion = English;
			hasScannedForEncodings = 0;
			knownRegions = (
				en,
			);
			mainGroup = FFF6A0F415F5F8C2009A2DF2;
			productRefGroup = FFF6A10015F5F8C2009A2DF2 /* Products */;
			projectDirPath = "";
			projectRoot = "";
			targets = (
				FFF6A0FE15F5F8C2009A2DF2 /* OC_Basic */,
				FFF6A11E15F5F8C2009A2DF2 /* OC_BasicTests */,
			);
		};
/* End PBXProject section */

/* Begin PBXResourcesBuildPhase section */
		FFF6A0FD15F5F8C2009A2DF2 /* Resources */ = {
			isa = PBXResourcesBuildPhase;
			buildActionMask = 2147483647;
			files = (
				FFF6A11015F5F8C2009A2DF2 /* InfoPlist.strings in Resources */,
			);
			runOnlyForDeploymentPostprocessing = 0;
		};
		FFF6A11C15F5F8C2009A2DF2 /* Resources */ = {
			isa = PBXResourcesBuildPhase;
			buildActionMask = 2147483647;
			files = (
				FFF6A12C15F5F8C2009A2DF2 /* InfoPlist.strings in Resources */,
			);
			runOnlyForDeploymentPostprocessing = 0;
		};
/* End PBXResourcesBuildPhase section */

/* Begin PBXShellScriptBuildPhase section */
		FFF6A11D15F5F8C2009A2DF2 /* ShellScript */ = {
			isa = PBXShellScriptBuildPhase;
			buildActionMask = 2147483647;
			files = (
			);
			inputPaths = (
			);
			outputPaths = (
			);
			runOnlyForDeploymentPostprocessing = 0;
			shellPath = /bin/sh;
			shellScript = "# Run the unit tests in this test bundle.\n\"${SYSTEM_DEVELOPER_DIR}/Tools/RunUnitTests\"\n";
		};
/* End PBXShellScriptBuildPhase section */

/* Begin PBXSourcesBuildPhase section */
		FFF6A0FB15F5F8C2009A2DF2 /* Sources */ = {
			isa = PBXSourcesBuildPhase;
			buildActionMask = 2147483647;
			files = (
				FFF6A11215F5F8C2009A2DF2 /* main.m in Sources */,
				FFF6A11615F5F8C2009A2DF2 /* AppDelegate.m in Sources */,
				FFF6A11915F5F8C2009A2DF2 /* OC_Basic.xcdatamodeld in Sources */,
				FFF6A13A15F5FE13009A2DF2 /* CatClass.m in Sources */,
				FFA70CA315F6F231003E6CF4 /* CatClass+Catch.m in Sources */,
			);
			runOnlyForDeploymentPostprocessing = 0;
		};
		FFF6A11A15F5F8C2009A2DF2 /* Sources */ = {
			isa = PBXSourcesBuildPhase;
			buildActionMask = 2147483647;
			files = (
				FFF6A12F15F5F8C2009A2DF2 /* OC_BasicTests.m in Sources */,
			);
			runOnlyForDeploymentPostprocessing = 0;
		};
/* End PBXSourcesBuildPhase section */

/* Begin PBXTargetDependency section */
		FFF6A12615F5F8C2009A2DF2 /* PBXTargetDependency */ = {
			isa = PBXTargetDependency;
			target = FFF6A0FE15F5F8C2009A2DF2 /* OC_Basic */;
			targetProxy = FFF6A12515F5F8C2009A2DF2 /* PBXContainerItemProxy */;
		};
/* End PBXTargetDependency section */

/* Begin PBXVariantGroup section */
		FFF6A10E15F5F8C2009A2DF2 /* InfoPlist.strings */ = {
			isa = PBXVariantGroup;
			children = (
				FFF6A10F15F5F8C2009A2DF2 /* en */,
			);
			name = InfoPlist.strings;
			sourceTree = "<group>";
		};
		FFF6A12A15F5F8C2009A2DF2 /* InfoPlist.strings */ = {
			isa = PBXVariantGroup;
			children = (
				FFF6A12B15F5F8C2009A2DF2 /* en */,
			);
			name = InfoPlist.strings;
			sourceTree = "<group>";
		};
/* End PBXVariantGroup section */

/* Begin XCBuildConfiguration section */
		FFF6A13015F5F8C2009A2DF2 /* Debug */ = {
			isa = XCBuildConfiguration;
			buildSettings = {
				ALWAYS_SEARCH_USER_PATHS = NO;
				ARCHS = "$(ARCHS_STANDARD_32_BIT)";
				CLANG_CXX_LANGUAGE_STANDARD = "gnu++0x";
				CLANG_WARN__DUPLICATE_METHOD_MATCH = YES;
				"CODE_SIGN_IDENTITY[sdk=iphoneos*]" = "iPhone Developer";
				COPY_PHASE_STRIP = NO;
				GCC_C_LANGUAGE_STANDARD = gnu99;
				GCC_DYNAMIC_NO_PIC = NO;
				GCC_OPTIMIZATION_LEVEL = 0;
				GCC_PREPROCESSOR_DEFINITIONS = (
					"DEBUG=1",
					"$(inherited)",
				);
				GCC_SYMBOLS_PRIVATE_EXTERN = NO;
				GCC_VERSION = com.apple.compilers.llvm.clang.1_0;
				GCC_WARN_ABOUT_RETURN_TYPE = YES;
				GCC_WARN_UNINITIALIZED_AUTOS = YES;
				GCC_WARN_UNUSED_VARIABLE = YES;
				IPHONEOS_DEPLOYMENT_TARGET = 5.1;
				SDKROOT = iphoneos;
			};
			name = Debug;
		};
		FFF6A13115F5F8C2009A2DF2 /* Release */ = {
			isa = XCBuildConfiguration;
			buildSettings = {
				ALWAYS_SEARCH_USER_PATHS = NO;
				ARCHS = "$(ARCHS_STANDARD_32_BIT)";
				CLANG_CXX_LANGUAGE_STANDARD = "gnu++0x";
				CLANG_WARN__DUPLICATE_METHOD_MATCH = YES;
				"CODE_SIGN_IDENTITY[sdk=iphoneos*]" = "iPhone Developer";
				COPY_PHASE_STRIP = YES;
				GCC_C_LANGUAGE_STANDARD = gnu99;
				GCC_VERSION = com.apple.compilers.llvm.clang.1_0;
				GCC_WARN_ABOUT_RETURN_TYPE = YES;
				GCC_WARN_UNINITIALIZED_AUTOS = YES;
				GCC_WARN_UNUSED_VARIABLE = YES;
				IPHONEOS_DEPLOYMENT_TARGET = 5.1;
				OTHER_CFLAGS = "-DNS_BLOCK_ASSERTIONS=1";
				SDKROOT = iphoneos;
				VALIDATE_PRODUCT = YES;
			};
			name = Release;
		};
		FFF6A13315F5F8C2009A2DF2 /* Debug */ = {
			isa = XCBuildConfiguration;
			buildSettings = {
				GCC_PRECOMPILE_PREFIX_HEADER = YES;
				GCC_PREFIX_HEADER = "OC_Basic/OC_Basic-Prefix.pch";
				INFOPLIST_FILE = "OC_Basic/OC_Basic-Info.plist";
				PRODUCT_NAME = "$(TARGET_NAME)";
				WRAPPER_EXTENSION = app;
			};
			name = Debug;
		};
		FFF6A13415F5F8C2009A2DF2 /* Release */ = {
			isa = XCBuildConfiguration;
			buildSettings = {
				GCC_PRECOMPILE_PREFIX_HEADER = YES;
				GCC_PREFIX_HEADER = "OC_Basic/OC_Basic-Prefix.pch";
				INFOPLIST_FILE = "OC_Basic/OC_Basic-Info.plist";
				PRODUCT_NAME = "$(TARGET_NAME)";
				WRAPPER_EXTENSION = app;
			};
			name = Release;
		};
		FFF6A13615F5F8C2009A2DF2 /* Debug */ = {
			isa = XCBuildConfiguration;
			buildSettings = {
				BUNDLE_LOADER = "$(BUILT_PRODUCTS_DIR)/OC_Basic.app/OC_Basic";
				FRAMEWORK_SEARCH_PATHS = (
					"\"$(SDKROOT)/Developer/Library/Frameworks\"",
					"\"$(DEVELOPER_LIBRARY_DIR)/Frameworks\"",
				);
				GCC_PRECOMPILE_PREFIX_HEADER = YES;
				GCC_PREFIX_HEADER = "OC_Basic/OC_Basic-Prefix.pch";
				INFOPLIST_FILE = "OC_BasicTests/OC_BasicTests-Info.plist";
				PRODUCT_NAME = "$(TARGET_NAME)";
				TEST_HOST = "$(BUNDLE_LOADER)";
				WRAPPER_EXTENSION = octest;
			};
			name = Debug;
		};
		FFF6A13715F5F8C2009A2DF2 /* Release */ = {
			isa = XCBuildConfiguration;
			buildSettings = {
				BUNDLE_LOADER = "$(BUILT_PRODUCTS_DIR)/OC_Basic.app/OC_Basic";
				FRAMEWORK_SEARCH_PATHS = (
					"\"$(SDKROOT)/Developer/Library/Frameworks\"",
					"\"$(DEVELOPER_LIBRARY_DIR)/Frameworks\"",
				);
				GCC_PRECOMPILE_PREFIX_HEADER = YES;
				GCC_PREFIX_HEADER = "OC_Basic/OC_Basic-Prefix.pch";
				INFOPLIST_FILE = "OC_BasicTests/OC_BasicTests-Info.plist";
				PRODUCT_NAME = "$(TARGET_NAME)";
				TEST_HOST = "$(BUNDLE_LOADER)";
				WRAPPER_EXTENSION = octest;
			};
			name = Release;
		};
/* End XCBuildConfiguration section */

/* Begin XCConfigurationList section */
		FFF6A0F915F5F8C2009A2DF2 /* Build configuration list for PBXProject "OC_Basic" */ = {
			isa = XCConfigurationList;
			buildConfigurations = (
				FFF6A13015F5F8C2009A2DF2 /* Debug */,
				FFF6A13115F5F8C2009A2DF2 /* Release */,
			);
			defaultConfigurationIsVisible = 0;
			defaultConfigurationName = Release;
		};
		FFF6A13215F5F8C2009A2DF2 /* Build configuration list for PBXNativeTarget "OC_Basic" */ = {
			isa = XCConfigurationList;
			buildConfigurations = (
				FFF6A13315F5F8C2009A2DF2 /* Debug */,
				FFF6A13415F5F8C2009A2DF2 /* Release */,
			);
			defaultConfigurationIsVisible = 0;
			defaultConfigurationName = Release;
		};
		FFF6A13515F5F8C2009A2DF2 /* Build configuration list for PBXNativeTarget "OC_BasicTests" */ = {
			isa = XCConfigurationList;
			buildConfigurations = (
				FFF6A13615F5F8C2009A2DF2 /* Debug */,
				FFF6A13715F5F8C2009A2DF2 /* Release */,
			);
			defaultConfigurationIsVisible = 0;
			defaultConfigurationName = Release;
		};
/* End XCConfigurationList section */

/* Begin XCVersionGroup section */
		FFF6A11715F5F8C2009A2DF2 /* OC_Basic.xcdatamodeld */ = {
			isa = XCVersionGroup;
			children = (
				FFF6A11815F5F8C2009A2DF2 /* OC_Basic.xcdatamodel */,
			);
			currentVersion = FFF6A11815F5F8C2009A2DF2 /* OC_Basic.xcdatamodel */;
			path = OC_Basic.xcdatamodeld;
			sourceTree = "<group>";
			versionGroupType = wrapper.xcdatamodel;
		};
/* End XCVersionGroup section */
	};
	rootObject = FFF6A0F615F5F8C2009A2DF2 /* Project object */;
}
