// !$*UTF8*$!
{
	archiveVersion = 1;
	classes = {
	};
	objectVersion = 46;
	objects = {

/* Begin PBXBuildFile section */
		FF73161A15F7681C00999242 /* UIKit.framework in Frameworks */ = {isa = PBXBuildFile; fileRef = FF73161915F7681C00999242 /* UIKit.framework */; };
		FF73161C15F7681C00999242 /* Foundation.framework in Frameworks */ = {isa = PBXBuildFile; fileRef = FF73161B15F7681C00999242 /* Foundation.framework */; };
		FF73161E15F7681C00999242 /* CoreGraphics.framework in Frameworks */ = {isa = PBXBuildFile; fileRef = FF73161D15F7681C00999242 /* CoreGraphics.framework */; };
		FF73162415F7681C00999242 /* InfoPlist.strings in Resources */ = {isa = PBXBuildFile; fileRef = FF73162215F7681C00999242 /* InfoPlist.strings */; };
		FF73162615F7681C00999242 /* main.m in Sources */ = {isa = PBXBuildFile; fileRef = FF73162515F7681C00999242 /* main.m */; };
		FF73162A15F7681C00999242 /* AppDelegate.m in Sources */ = {isa = PBXBuildFile; fileRef = FF73162915F7681C00999242 /* AppDelegate.m */; };
		FF73162D15F7681C00999242 /* ViewController.m in Sources */ = {isa = PBXBuildFile; fileRef = FF73162C15F7681C00999242 /* ViewController.m */; };
		FF73163015F7681C00999242 /* ViewController.xib in Resources */ = {isa = PBXBuildFile; fileRef = FF73162E15F7681C00999242 /* ViewController.xib */; };
		FF73163815F7681C00999242 /* SenTestingKit.framework in Frameworks */ = {isa = PBXBuildFile; fileRef = FF73163715F7681C00999242 /* SenTestingKit.framework */; };
		FF73163915F7681C00999242 /* UIKit.framework in Frameworks */ = {isa = PBXBuildFile; fileRef = FF73161915F7681C00999242 /* UIKit.framework */; };
		FF73163A15F7681C00999242 /* Foundation.framework in Frameworks */ = {isa = PBXBuildFile; fileRef = FF73161B15F7681C00999242 /* Foundation.framework */; };
		FF73164215F7681C00999242 /* InfoPlist.strings in Resources */ = {isa = PBXBuildFile; fileRef = FF73164015F7681C00999242 /* InfoPlist.strings */; };
		FF73164515F7681C00999242 /* iPhone_MVCTests.m in Sources */ = {isa = PBXBuildFile; fileRef = FF73164415F7681C00999242 /* iPhone_MVCTests.m */; };
/* End PBXBuildFile section */

/* Begin PBXContainerItemProxy section */
		FF73163B15F7681C00999242 /* PBXContainerItemProxy */ = {
			isa = PBXContainerItemProxy;
			containerPortal = FF73160C15F7681C00999242 /* Project object */;
			proxyType = 1;
			remoteGlobalIDString = FF73161415F7681C00999242;
			remoteInfo = iPhone_MVC;
		};
/* End PBXContainerItemProxy section */

/* Begin PBXFileReference section */
		FF73161515F7681C00999242 /* iPhone_MVC.app */ = {isa = PBXFileReference; explicitFileType = wrapper.application; includeInIndex = 0; path = iPhone_MVC.app; sourceTree = BUILT_PRODUCTS_DIR; };
		FF73161915F7681C00999242 /* UIKit.framework */ = {isa = PBXFileReference; lastKnownFileType = wrapper.framework; name = UIKit.framework; path = System/Library/Frameworks/UIKit.framework; sourceTree = SDKROOT; };
		FF73161B15F7681C00999242 /* Foundation.framework */ = {isa = PBXFileReference; lastKnownFileType = wrapper.framework; name = Foundation.framework; path = System/Library/Frameworks/Foundation.framework; sourceTree = SDKROOT; };
		FF73161D15F7681C00999242 /* CoreGraphics.framework */ = {isa = PBXFileReference; lastKnownFileType = wrapper.framework; name = CoreGraphics.framework; path = System/Library/Frameworks/CoreGraphics.framework; sourceTree = SDKROOT; };
		FF73162115F7681C00999242 /* iPhone_MVC-Info.plist */ = {isa = PBXFileReference; lastKnownFileType = text.plist.xml; path = "iPhone_MVC-Info.plist"; sourceTree = "<group>"; };
		FF73162315F7681C00999242 /* en */ = {isa = PBXFileReference; lastKnownFileType = text.plist.strings; name = en; path = en.lproj/InfoPlist.strings; sourceTree = "<group>"; };
		FF73162515F7681C00999242 /* main.m */ = {isa = PBXFileReference; lastKnownFileType = sourcecode.c.objc; path = main.m; sourceTree = "<group>"; };
		FF73162715F7681C00999242 /* iPhone_MVC-Prefix.pch */ = {isa = PBXFileReference; lastKnownFileType = sourcecode.c.h; path = "iPhone_MVC-Prefix.pch"; sourceTree = "<group>"; };
		FF73162815F7681C00999242 /* AppDelegate.h */ = {isa = PBXFileReference; lastKnownFileType = sourcecode.c.h; path = AppDelegate.h; sourceTree = "<group>"; };
		FF73162915F7681C00999242 /* AppDelegate.m */ = {isa = PBXFileReference; lastKnownFileType = sourcecode.c.objc; path = AppDelegate.m; sourceTree = "<group>"; };
		FF73162B15F7681C00999242 /* ViewController.h */ = {isa = PBXFileReference; lastKnownFileType = sourcecode.c.h; path = ViewController.h; sourceTree = "<group>"; };
		FF73162C15F7681C00999242 /* ViewController.m */ = {isa = PBXFileReference; lastKnownFileType = sourcecode.c.objc; path = ViewController.m; sourceTree = "<group>"; };
		FF73162F15F7681C00999242 /* en */ = {isa = PBXFileReference; lastKnownFileType = file.xib; name = en; path = en.lproj/ViewController.xib; sourceTree = "<group>"; };
		FF73163615F7681C00999242 /* iPhone_MVCTests.octest */ = {isa = PBXFileReference; explicitFileType = wrapper.cfbundle; includeInIndex = 0; path = iPhone_MVCTests.octest; sourceTree = BUILT_PRODUCTS_DIR; };
		FF73163715F7681C00999242 /* SenTestingKit.framework */ = {isa = PBXFileReference; lastKnownFileType = wrapper.framework; name = SenTestingKit.framework; path = Library/Frameworks/SenTestingKit.framework; sourceTree = DEVELOPER_DIR; };
		FF73163F15F7681C00999242 /* iPhone_MVCTests-Info.plist */ = {isa = PBXFileReference; lastKnownFileType = text.plist.xml; path = "iPhone_MVCTests-Info.plist"; sourceTree = "<group>"; };
		FF73164115F7681C00999242 /* en */ = {isa = PBXFileReference; lastKnownFileType = text.plist.strings; name = en; path = en.lproj/InfoPlist.strings; sourceTree = "<group>"; };
		FF73164315F7681C00999242 /* iPhone_MVCTests.h */ = {isa = PBXFileReference; lastKnownFileType = sourcecode.c.h; path = iPhone_MVCTests.h; sourceTree = "<group>"; };
		FF73164415F7681C00999242 /* iPhone_MVCTests.m */ = {isa = PBXFileReference; lastKnownFileType = sourcecode.c.objc; path = iPhone_MVCTests.m; sourceTree = "<group>"; };
/* End PBXFileReference section */

/* Begin PBXFrameworksBuildPhase section */
		FF73161215F7681C00999242 /* Frameworks */ = {
			isa = PBXFrameworksBuildPhase;
			buildActionMask = 2147483647;
			files = (
				FF73161A15F7681C00999242 /* UIKit.framework in Frameworks */,
				FF73161C15F7681C00999242 /* Foundation.framework in Frameworks */,
				FF73161E15F7681C00999242 /* CoreGraphics.framework in Frameworks */,
			);
			runOnlyForDeploymentPostprocessing = 0;
		};
		FF73163215F7681C00999242 /* Frameworks */ = {
			isa = PBXFrameworksBuildPhase;
			buildActionMask = 2147483647;
			files = (
				FF73163815F7681C00999242 /* SenTestingKit.framework in Frameworks */,
				FF73163915F7681C00999242 /* UIKit.framework in Frameworks */,
				FF73163A15F7681C00999242 /* Foundation.framework in Frameworks */,
			);
			runOnlyForDeploymentPostprocessing = 0;
		};
/* End PBXFrameworksBuildPhase section */

/* Begin PBXGroup section */
		FF73160A15F7681C00999242 = {
			isa = PBXGroup;
			children = (
				FF73161F15F7681C00999242 /* iPhone_MVC */,
				FF73163D15F7681C00999242 /* iPhone_MVCTests */,
				FF73161815F7681C00999242 /* Frameworks */,
				FF73161615F7681C00999242 /* Products */,
			);
			sourceTree = "<group>";
		};
		FF73161615F7681C00999242 /* Products */ = {
			isa = PBXGroup;
			children = (
				FF73161515F7681C00999242 /* iPhone_MVC.app */,
				FF73163615F7681C00999242 /* iPhone_MVCTests.octest */,
			);
			name = Products;
			sourceTree = "<group>";
		};
		FF73161815F7681C00999242 /* Frameworks */ = {
			isa = PBXGroup;
			children = (
				FF73161915F7681C00999242 /* UIKit.framework */,
				FF73161B15F7681C00999242 /* Foundation.framework */,
				FF73161D15F7681C00999242 /* CoreGraphics.framework */,
				FF73163715F7681C00999242 /* SenTestingKit.framework */,
			);
			name = Frameworks;
			sourceTree = "<group>";
		};
		FF73161F15F7681C00999242 /* iPhone_MVC */ = {
			isa = PBXGroup;
			children = (
				FF73162815F7681C00999242 /* AppDelegate.h */,
				FF73162915F7681C00999242 /* AppDelegate.m */,
				FF73162B15F7681C00999242 /* ViewController.h */,
				FF73162C15F7681C00999242 /* ViewController.m */,
				FF73162E15F7681C00999242 /* ViewController.xib */,
				FF73162015F7681C00999242 /* Supporting Files */,
			);
			path = iPhone_MVC;
			sourceTree = "<group>";
		};
		FF73162015F7681C00999242 /* Supporting Files */ = {
			isa = PBXGroup;
			children = (
				FF73162115F7681C00999242 /* iPhone_MVC-Info.plist */,
				FF73162215F7681C00999242 /* InfoPlist.strings */,
				FF73162515F7681C00999242 /* main.m */,
				FF73162715F7681C00999242 /* iPhone_MVC-Prefix.pch */,
			);
			name = "Supporting Files";
			sourceTree = "<group>";
		};
		FF73163D15F7681C00999242 /* iPhone_MVCTests */ = {
			isa = PBXGroup;
			children = (
				FF73164315F7681C00999242 /* iPhone_MVCTests.h */,
				FF73164415F7681C00999242 /* iPhone_MVCTests.m */,
				FF73163E15F7681C00999242 /* Supporting Files */,
			);
			path = iPhone_MVCTests;
			sourceTree = "<group>";
		};
		FF73163E15F7681C00999242 /* Supporting Files */ = {
			isa = PBXGroup;
			children = (
				FF73163F15F7681C00999242 /* iPhone_MVCTests-Info.plist */,
				FF73164015F7681C00999242 /* InfoPlist.strings */,
			);
			name = "Supporting Files";
			sourceTree = "<group>";
		};
/* End PBXGroup section */

/* Begin PBXNativeTarget section */
		FF73161415F7681C00999242 /* iPhone_MVC */ = {
			isa = PBXNativeTarget;
			buildConfigurationList = FF73164815F7681C00999242 /* Build configuration list for PBXNativeTarget "iPhone_MVC" */;
			buildPhases = (
				FF73161115F7681C00999242 /* Sources */,
				FF73161215F7681C00999242 /* Frameworks */,
				FF73161315F7681C00999242 /* Resources */,
			);
			buildRules = (
			);
			dependencies = (
			);
			name = iPhone_MVC;
			productName = iPhone_MVC;
			productReference = FF73161515F7681C00999242 /* iPhone_MVC.app */;
			productType = "com.apple.product-type.application";
		};
		FF73163515F7681C00999242 /* iPhone_MVCTests */ = {
			isa = PBXNativeTarget;
			buildConfigurationList = FF73164B15F7681C00999242 /* Build configuration list for PBXNativeTarget "iPhone_MVCTests" */;
			buildPhases = (
				FF73163115F7681C00999242 /* Sources */,
				FF73163215F7681C00999242 /* Frameworks */,
				FF73163315F7681C00999242 /* Resources */,
				FF73163415F7681C00999242 /* ShellScript */,
			);
			buildRules = (
			);
			dependencies = (
				FF73163C15F7681C00999242 /* PBXTargetDependency */,
			);
			name = iPhone_MVCTests;
			productName = iPhone_MVCTests;
			productReference = FF73163615F7681C00999242 /* iPhone_MVCTests.octest */;
			productType = "com.apple.product-type.bundle";
		};
/* End PBXNativeTarget section */

/* Begin PBXProject section */
		FF73160C15F7681C00999242 /* Project object */ = {
			isa = PBXProject;
			attributes = {
				LastUpgradeCheck = 0440;
				ORGANIZATIONNAME = Mead;
			};
			buildConfigurationList = FF73160F15F7681C00999242 /* Build configuration list for PBXProject "iPhone_MVC" */;
			compatibilityVersion = "Xcode 3.2";
			developmentRegion = English;
			hasScannedForEncodings = 0;
			knownRegions = (
				en,
			);
			mainGroup = FF73160A15F7681C00999242;
			productRefGroup = FF73161615F7681C00999242 /* Products */;
			projectDirPath = "";
			projectRoot = "";
			targets = (
				FF73161415F7681C00999242 /* iPhone_MVC */,
				FF73163515F7681C00999242 /* iPhone_MVCTests */,
			);
		};
/* End PBXProject section */

/* Begin PBXResourcesBuildPhase section */
		FF73161315F7681C00999242 /* Resources */ = {
			isa = PBXResourcesBuildPhase;
			buildActionMask = 2147483647;
			files = (
				FF73162415F7681C00999242 /* InfoPlist.strings in Resources */,
				FF73163015F7681C00999242 /* ViewController.xib in Resources */,
			);
			runOnlyForDeploymentPostprocessing = 0;
		};
		FF73163315F7681C00999242 /* Resources */ = {
			isa = PBXResourcesBuildPhase;
			buildActionMask = 2147483647;
			files = (
				FF73164215F7681C00999242 /* InfoPlist.strings in Resources */,
			);
			runOnlyForDeploymentPostprocessing = 0;
		};
/* End PBXResourcesBuildPhase section */

/* Begin PBXShellScriptBuildPhase section */
		FF73163415F7681C00999242 /* ShellScript */ = {
			isa = PBXShellScriptBuildPhase;
			buildActionMask = 2147483647;
			files = (
			);
			inputPaths = (
			);
			outputPaths = (
			);
			runOnlyForDeploymentPostprocessing = 0;
			shellPath = /bin/sh;
			shellScript = "# Run the unit tests in this test bundle.\n\"${SYSTEM_DEVELOPER_DIR}/Tools/RunUnitTests\"\n";
		};
/* End PBXShellScriptBuildPhase section */

/* Begin PBXSourcesBuildPhase section */
		FF73161115F7681C00999242 /* Sources */ = {
			isa = PBXSourcesBuildPhase;
			buildActionMask = 2147483647;
			files = (
				FF73162615F7681C00999242 /* main.m in Sources */,
				FF73162A15F7681C00999242 /* AppDelegate.m in Sources */,
				FF73162D15F7681C00999242 /* ViewController.m in Sources */,
			);
			runOnlyForDeploymentPostprocessing = 0;
		};
		FF73163115F7681C00999242 /* Sources */ = {
			isa = PBXSourcesBuildPhase;
			buildActionMask = 2147483647;
			files = (
				FF73164515F7681C00999242 /* iPhone_MVCTests.m in Sources */,
			);
			runOnlyForDeploymentPostprocessing = 0;
		};
/* End PBXSourcesBuildPhase section */

/* Begin PBXTargetDependency section */
		FF73163C15F7681C00999242 /* PBXTargetDependency */ = {
			isa = PBXTargetDependency;
			target = FF73161415F7681C00999242 /* iPhone_MVC */;
			targetProxy = FF73163B15F7681C00999242 /* PBXContainerItemProxy */;
		};
/* End PBXTargetDependency section */

/* Begin PBXVariantGroup section */
		FF73162215F7681C00999242 /* InfoPlist.strings */ = {
			isa = PBXVariantGroup;
			children = (
				FF73162315F7681C00999242 /* en */,
			);
			name = InfoPlist.strings;
			sourceTree = "<group>";
		};
		FF73162E15F7681C00999242 /* ViewController.xib */ = {
			isa = PBXVariantGroup;
			children = (
				FF73162F15F7681C00999242 /* en */,
			);
			name = ViewController.xib;
			sourceTree = "<group>";
		};
		FF73164015F7681C00999242 /* InfoPlist.strings */ = {
			isa = PBXVariantGroup;
			children = (
				FF73164115F7681C00999242 /* en */,
			);
			name = InfoPlist.strings;
			sourceTree = "<group>";
		};
/* End PBXVariantGroup section */

/* Begin XCBuildConfiguration section */
		FF73164615F7681C00999242 /* Debug */ = {
			isa = XCBuildConfiguration;
			buildSettings = {
				ALWAYS_SEARCH_USER_PATHS = NO;
				ARCHS = "$(ARCHS_STANDARD_32_BIT)";
				CLANG_CXX_LANGUAGE_STANDARD = "gnu++0x";
				CLANG_WARN__DUPLICATE_METHOD_MATCH = YES;
				"CODE_SIGN_IDENTITY[sdk=iphoneos*]" = "iPhone Developer";
				COPY_PHASE_STRIP = NO;
				GCC_C_LANGUAGE_STANDARD = gnu99;
				GCC_DYNAMIC_NO_PIC = NO;
				GCC_OPTIMIZATION_LEVEL = 0;
				GCC_PREPROCESSOR_DEFINITIONS = (
					"DEBUG=1",
					"$(inherited)",
				);
				GCC_SYMBOLS_PRIVATE_EXTERN = NO;
				GCC_VERSION = com.apple.compilers.llvm.clang.1_0;
				GCC_WARN_ABOUT_RETURN_TYPE = YES;
				GCC_WARN_UNINITIALIZED_AUTOS = YES;
				GCC_WARN_UNUSED_VARIABLE = YES;
				IPHONEOS_DEPLOYMENT_TARGET = 5.1;
				SDKROOT = iphoneos;
			};
			name = Debug;
		};
		FF73164715F7681C00999242 /* Release */ = {
			isa = XCBuildConfiguration;
			buildSettings = {
				ALWAYS_SEARCH_USER_PATHS = NO;
				ARCHS = "$(ARCHS_STANDARD_32_BIT)";
				CLANG_CXX_LANGUAGE_STANDARD = "gnu++0x";
				CLANG_WARN__DUPLICATE_METHOD_MATCH = YES;
				"CODE_SIGN_IDENTITY[sdk=iphoneos*]" = "iPhone Developer";
				COPY_PHASE_STRIP = YES;
				GCC_C_LANGUAGE_STANDARD = gnu99;
				GCC_VERSION = com.apple.compilers.llvm.clang.1_0;
				GCC_WARN_ABOUT_RETURN_TYPE = YES;
				GCC_WARN_UNINITIALIZED_AUTOS = YES;
				GCC_WARN_UNUSED_VARIABLE = YES;
				IPHONEOS_DEPLOYMENT_TARGET = 5.1;
				OTHER_CFLAGS = "-DNS_BLOCK_ASSERTIONS=1";
				SDKROOT = iphoneos;
				VALIDATE_PRODUCT = YES;
			};
			name = Release;
		};
		FF73164915F7681C00999242 /* Debug */ = {
			isa = XCBuildConfiguration;
			buildSettings = {
				GCC_PRECOMPILE_PREFIX_HEADER = YES;
				GCC_PREFIX_HEADER = "iPhone_MVC/iPhone_MVC-Prefix.pch";
				INFOPLIST_FILE = "iPhone_MVC/iPhone_MVC-Info.plist";
				PRODUCT_NAME = "$(TARGET_NAME)";
				WRAPPER_EXTENSION = app;
			};
			name = Debug;
		};
		FF73164A15F7681C00999242 /* Release */ = {
			isa = XCBuildConfiguration;
			buildSettings = {
				GCC_PRECOMPILE_PREFIX_HEADER = YES;
				GCC_PREFIX_HEADER = "iPhone_MVC/iPhone_MVC-Prefix.pch";
				INFOPLIST_FILE = "iPhone_MVC/iPhone_MVC-Info.plist";
				PRODUCT_NAME = "$(TARGET_NAME)";
				WRAPPER_EXTENSION = app;
			};
			name = Release;
		};
		FF73164C15F7681C00999242 /* Debug */ = {
			isa = XCBuildConfiguration;
			buildSettings = {
				BUNDLE_LOADER = "$(BUILT_PRODUCTS_DIR)/iPhone_MVC.app/iPhone_MVC";
				FRAMEWORK_SEARCH_PATHS = (
					"\"$(SDKROOT)/Developer/Library/Frameworks\"",
					"\"$(DEVELOPER_LIBRARY_DIR)/Frameworks\"",
				);
				GCC_PRECOMPILE_PREFIX_HEADER = YES;
				GCC_PREFIX_HEADER = "iPhone_MVC/iPhone_MVC-Prefix.pch";
				INFOPLIST_FILE = "iPhone_MVCTests/iPhone_MVCTests-Info.plist";
				PRODUCT_NAME = "$(TARGET_NAME)";
				TEST_HOST = "$(BUNDLE_LOADER)";
				WRAPPER_EXTENSION = octest;
			};
			name = Debug;
		};
		FF73164D15F7681C00999242 /* Release */ = {
			isa = XCBuildConfiguration;
			buildSettings = {
				BUNDLE_LOADER = "$(BUILT_PRODUCTS_DIR)/iPhone_MVC.app/iPhone_MVC";
				FRAMEWORK_SEARCH_PATHS = (
					"\"$(SDKROOT)/Developer/Library/Frameworks\"",
					"\"$(DEVELOPER_LIBRARY_DIR)/Frameworks\"",
				);
				GCC_PRECOMPILE_PREFIX_HEADER = YES;
				GCC_PREFIX_HEADER = "iPhone_MVC/iPhone_MVC-Prefix.pch";
				INFOPLIST_FILE = "iPhone_MVCTests/iPhone_MVCTests-Info.plist";
				PRODUCT_NAME = "$(TARGET_NAME)";
				TEST_HOST = "$(BUNDLE_LOADER)";
				WRAPPER_EXTENSION = octest;
			};
			name = Release;
		};
/* End XCBuildConfiguration section */

/* Begin XCConfigurationList section */
		FF73160F15F7681C00999242 /* Build configuration list for PBXProject "iPhone_MVC" */ = {
			isa = XCConfigurationList;
			buildConfigurations = (
				FF73164615F7681C00999242 /* Debug */,
				FF73164715F7681C00999242 /* Release */,
			);
			defaultConfigurationIsVisible = 0;
			defaultConfigurationName = Release;
		};
		FF73164815F7681C00999242 /* Build configuration list for PBXNativeTarget "iPhone_MVC" */ = {
			isa = XCConfigurationList;
			buildConfigurations = (
				FF73164915F7681C00999242 /* Debug */,
				FF73164A15F7681C00999242 /* Release */,
			);
			defaultConfigurationIsVisible = 0;
		};
		FF73164B15F7681C00999242 /* Build configuration list for PBXNativeTarget "iPhone_MVCTests" */ = {
			isa = XCConfigurationList;
			buildConfigurations = (
				FF73164C15F7681C00999242 /* Debug */,
				FF73164D15F7681C00999242 /* Release */,
			);
			defaultConfigurationIsVisible = 0;
		};
/* End XCConfigurationList section */
	};
	rootObject = FF73160C15F7681C00999242 /* Project object */;
}
